
Microsoft Visual Studio Solution File, Format Version 12.00
# Visual Studio 14
VisualStudioVersion = 14.0.23107.0
MinimumVisualStudioVersion = 10.0.40219.1
Project("{FAE04EC0-301F-11D3-BF4B-00C04F79EFBC}") = "Utile.Money", "Utile.Money\Utile.Money.csproj", "{AB413157-8485-446B-8A5B-1E57290E4B0D}"
EndProject
Project("{FAE04EC0-301F-11D3-BF4B-00C04F79EFBC}") = "Utile.Money.Test", "TestProject\Utile.Money.Test.csproj", "{6951F5D0-2BB2-4850-8B3A-CB814D8001CD}"
EndProject
Project("{2150E333-8FDC-42A3-9474-1A3956D46DE8}") = "Solution Items", "Solution Items", "{5735DBDD-04FE-407B-A0DA-3B346B523523}"
	ProjectSection(SolutionItems) = preProject
		Local.testsettings = Local.testsettings
		TraceAndTestImpact.testsettings = TraceAndTestImpact.testsettings
		Utile.Money.vsmdi = Utile.Money.vsmdi
	EndProjectSection
EndProject
Global
	GlobalSection(SolutionConfigurationPlatforms) = preSolution
		Debug|Any CPU = Debug|Any CPU
		Debug|x86 = Debug|x86
		Release|Any CPU = Release|Any CPU
		Release|x86 = Release|x86
	EndGlobalSection
	GlobalSection(ProjectConfigurationPlatforms) = postSolution
		{AB413157-8485-446B-8A5B-1E57290E4B0D}.Debug|Any CPU.ActiveCfg = Debug|Any CPU
		{AB413157-8485-446B-8A5B-1E57290E4B0D}.Debug|Any CPU.Build.0 = Debug|Any CPU
		{AB413157-8485-446B-8A5B-1E57290E4B0D}.Debug|x86.ActiveCfg = Debug|x86
		{AB413157-8485-446B-8A5B-1E57290E4B0D}.Debug|x86.Build.0 = Debug|x86
		{AB413157-8485-446B-8A5B-1E57290E4B0D}.Release|Any CPU.ActiveCfg = Release|Any CPU
		{AB413157-8485-446B-8A5B-1E57290E4B0D}.Release|Any CPU.Build.0 = Release|Any CPU
		{AB413157-8485-446B-8A5B-1E57290E4B0D}.Release|x86.ActiveCfg = Release|x86
		{AB413157-8485-446B-8A5B-1E57290E4B0D}.Release|x86.Build.0 = Release|x86
		{6951F5D0-2BB2-4850-8B3A-CB814D8001CD}.Debug|Any CPU.ActiveCfg = Debug|Any CPU
		{6951F5D0-2BB2-4850-8B3A-CB814D8001CD}.Debug|Any CPU.Build.0 = Debug|Any CPU
		{6951F5D0-2BB2-4850-8B3A-CB814D8001CD}.Debug|x86.ActiveCfg = Debug|x86
		{6951F5D0-2BB2-4850-8B3A-CB814D8001CD}.Debug|x86.Build.0 = Debug|x86
		{6951F5D0-2BB2-4850-8B3A-CB814D8001CD}.Release|Any CPU.ActiveCfg = Release|Any CPU
		{6951F5D0-2BB2-4850-8B3A-CB814D8001CD}.Release|Any CPU.Build.0 = Release|Any CPU
		{6951F5D0-2BB2-4850-8B3A-CB814D8001CD}.Release|x86.ActiveCfg = Release|x86
		{6951F5D0-2BB2-4850-8B3A-CB814D8001CD}.Release|x86.Build.0 = Release|x86
	EndGlobalSection
	GlobalSection(SolutionProperties) = preSolution
		HideSolutionNode = FALSE
	EndGlobalSection
	GlobalSection(SubversionScc) = preSolution
		Svn-Managed = True
		Manager = AnkhSVN - Subversion Support for Visual Studio
	EndGlobalSection
	GlobalSection(TestCaseManagementSettings) = postSolution
		CategoryFile = Utile.Money.vsmdi
	EndGlobalSection
EndGlobal
